
Microsoft Visual Studio Solution File, Format Version 12.00
# Visual Studio Version 16
VisualStudioVersion = 16.0.32901.82
MinimumVisualStudioVersion = 10.0.40219.1
Project("{FAE04EC0-301F-11D3-BF4B-00C04F79EFBC}") = "L7_JRRA_1087121", "L7_JRRA_1087121.csproj", "{9C7AD280-4FE0-45C1-9117-1F793FFA8E10}"
EndProject
Global
	GlobalSection(SolutionConfigurationPlatforms) = preSolution
		Debug|Any CPU = Debug|Any CPU
		Release|Any CPU = Release|Any CPU
	EndGlobalSection
	GlobalSection(ProjectConfigurationPlatforms) = postSolution
		{9C7AD280-4FE0-45C1-9117-1F793FFA8E10}.Debug|Any CPU.ActiveCfg = Debug|Any CPU
		{9C7AD280-4FE0-45C1-9117-1F793FFA8E10}.Debug|Any CPU.Build.0 = Debug|Any CPU
		{9C7AD280-4FE0-45C1-9117-1F793FFA8E10}.Release|Any CPU.ActiveCfg = Release|Any CPU
		{9C7AD280-4FE0-45C1-9117-1F793FFA8E10}.Release|Any CPU.Build.0 = Release|Any CPU
	EndGlobalSection
	GlobalSection(SolutionProperties) = preSolution
		HideSolutionNode = FALSE
	EndGlobalSection
	GlobalSection(ExtensibilityGlobals) = postSolution
		SolutionGuid = {EDB2840E-1316-4131-B0DD-507CD8FD733C}
	EndGlobalSection
EndGlobal
